
Microsoft Visual Studio Solution File, Format Version 12.00
# Visual Studio 14
VisualStudioVersion = 14.0.25420.1
MinimumVisualStudioVersion = 10.0.40219.1
Project("{FAE04EC0-301F-11D3-BF4B-00C04F79EFBC}") = "MessagePlugTest", "MessagePlugTest\MessagePlugTest\MessagePlugTest.csproj", "{22B96ACE-1CF5-4A1C-AA95-41495553833C}"
EndProject
Project("{FAE04EC0-301F-11D3-BF4B-00C04F79EFBC}") = "MessagePlugTest.Droid", "MessagePlugTest\MessagePlugTest.Droid\MessagePlugTest.Droid.csproj", "{7A358AAC-0D1E-4B82-9252-24BF3C9C3EAA}"
EndProject
Project("{FAE04EC0-301F-11D3-BF4B-00C04F79EFBC}") = "MessagePlugTest.iOS", "MessagePlugTest\MessagePlugTest.iOS\MessagePlugTest.iOS.csproj", "{15CE6A89-4D40-429E-842C-A226086F1F3B}"
EndProject
Project("{FAE04EC0-301F-11D3-BF4B-00C04F79EFBC}") = "MessagePlugTest.WinPhone", "MessagePlugTest\MessagePlugTest.WinPhone\MessagePlugTest.WinPhone.csproj", "{1A2D5B5F-DE9A-460A-A9D5-66572EA6C3F6}"
EndProject
Project("{FAE04EC0-301F-11D3-BF4B-00C04F79EFBC}") = "MessagePlugTest.UWP", "MessagePlugTest\MessagePlugTest.UWP\MessagePlugTest.UWP.csproj", "{3DA50427-6A64-47C4-B3AB-835D0B51691D}"
EndProject
Project("{FAE04EC0-301F-11D3-BF4B-00C04F79EFBC}") = "MessagePlugTest.Windows", "MessagePlugTest\MessagePlugTest.Windows\MessagePlugTest.Windows.csproj", "{6C7AEBCB-12A7-414F-9D25-6601241C2B93}"
EndProject
Global
	GlobalSection(SolutionConfigurationPlatforms) = preSolution
		Ad-Hoc|Any CPU = Ad-Hoc|Any CPU
		Ad-Hoc|ARM = Ad-Hoc|ARM
		Ad-Hoc|iPhone = Ad-Hoc|iPhone
		Ad-Hoc|iPhoneSimulator = Ad-Hoc|iPhoneSimulator
		Ad-Hoc|x64 = Ad-Hoc|x64
		Ad-Hoc|x86 = Ad-Hoc|x86
		AppStore|Any CPU = AppStore|Any CPU
		AppStore|ARM = AppStore|ARM
		AppStore|iPhone = AppStore|iPhone
		AppStore|iPhoneSimulator = AppStore|iPhoneSimulator
		AppStore|x64 = AppStore|x64
		AppStore|x86 = AppStore|x86
		Debug|Any CPU = Debug|Any CPU
		Debug|ARM = Debug|ARM
		Debug|iPhone = Debug|iPhone
		Debug|iPhoneSimulator = Debug|iPhoneSimulator
		Debug|x64 = Debug|x64
		Debug|x86 = Debug|x86
		Release|Any CPU = Release|Any CPU
		Release|ARM = Release|ARM
		Release|iPhone = Release|iPhone
		Release|iPhoneSimulator = Release|iPhoneSimulator
		Release|x64 = Release|x64
		Release|x86 = Release|x86
	EndGlobalSection
	GlobalSection(ProjectConfigurationPlatforms) = postSolution
		{22B96ACE-1CF5-4A1C-AA95-41495553833C}.Ad-Hoc|Any CPU.ActiveCfg = Release|Any CPU
		{22B96ACE-1CF5-4A1C-AA95-41495553833C}.Ad-Hoc|Any CPU.Build.0 = Release|Any CPU
		{22B96ACE-1CF5-4A1C-AA95-41495553833C}.Ad-Hoc|ARM.ActiveCfg = Release|Any CPU
		{22B96ACE-1CF5-4A1C-AA95-41495553833C}.Ad-Hoc|ARM.Build.0 = Release|Any CPU
		{22B96ACE-1CF5-4A1C-AA95-41495553833C}.Ad-Hoc|iPhone.ActiveCfg = Release|Any CPU
		{22B96ACE-1CF5-4A1C-AA95-41495553833C}.Ad-Hoc|iPhone.Build.0 = Release|Any CPU
		{22B96ACE-1CF5-4A1C-AA95-41495553833C}.Ad-Hoc|iPhoneSimulator.ActiveCfg = Release|Any CPU
		{22B96ACE-1CF5-4A1C-AA95-41495553833C}.Ad-Hoc|iPhoneSimulator.Build.0 = Release|Any CPU
		{22B96ACE-1CF5-4A1C-AA95-41495553833C}.Ad-Hoc|x64.ActiveCfg = Release|Any CPU
		{22B96ACE-1CF5-4A1C-AA95-41495553833C}.Ad-Hoc|x64.Build.0 = Release|Any CPU
		{22B96ACE-1CF5-4A1C-AA95-41495553833C}.Ad-Hoc|x86.ActiveCfg = Release|Any CPU
		{22B96ACE-1CF5-4A1C-AA95-41495553833C}.Ad-Hoc|x86.Build.0 = Release|Any CPU
		{22B96ACE-1CF5-4A1C-AA95-41495553833C}.AppStore|Any CPU.ActiveCfg = Release|Any CPU
		{22B96ACE-1CF5-4A1C-AA95-41495553833C}.AppStore|Any CPU.Build.0 = Release|Any CPU
		{22B96ACE-1CF5-4A1C-AA95-41495553833C}.AppStore|ARM.ActiveCfg = Release|Any CPU
		{22B96ACE-1CF5-4A1C-AA95-41495553833C}.AppStore|ARM.Build.0 = Release|Any CPU
		{22B96ACE-1CF5-4A1C-AA95-41495553833C}.AppStore|iPhone.ActiveCfg = Release|Any CPU
		{22B96ACE-1CF5-4A1C-AA95-41495553833C}.AppStore|iPhone.Build.0 = Release|Any CPU
		{22B96ACE-1CF5-4A1C-AA95-41495553833C}.AppStore|iPhoneSimulator.ActiveCfg = Release|Any CPU
		{22B96ACE-1CF5-4A1C-AA95-41495553833C}.AppStore|iPhoneSimulator.Build.0 = Release|Any CPU
		{22B96ACE-1CF5-4A1C-AA95-41495553833C}.AppStore|x64.ActiveCfg = Release|Any CPU
		{22B96ACE-1CF5-4A1C-AA95-41495553833C}.AppStore|x64.Build.0 = Release|Any CPU
		{22B96ACE-1CF5-4A1C-AA95-41495553833C}.AppStore|x86.ActiveCfg = Release|Any CPU
		{22B96ACE-1CF5-4A1C-AA95-41495553833C}.AppStore|x86.Build.0 = Release|Any CPU
		{22B96ACE-1CF5-4A1C-AA95-41495553833C}.Debug|Any CPU.ActiveCfg = Debug|Any CPU
		{22B96ACE-1CF5-4A1C-AA95-41495553833C}.Debug|Any CPU.Build.0 = Debug|Any CPU
		{22B96ACE-1CF5-4A1C-AA95-41495553833C}.Debug|ARM.ActiveCfg = Debug|Any CPU
		{22B96ACE-1CF5-4A1C-AA95-41495553833C}.Debug|ARM.Build.0 = Debug|Any CPU
		{22B96ACE-1CF5-4A1C-AA95-41495553833C}.Debug|iPhone.ActiveCfg = Debug|Any CPU
		{22B96ACE-1CF5-4A1C-AA95-41495553833C}.Debug|iPhone.Build.0 = Debug|Any CPU
		{22B96ACE-1CF5-4A1C-AA95-41495553833C}.Debug|iPhoneSimulator.ActiveCfg = Debug|Any CPU
		{22B96ACE-1CF5-4A1C-AA95-41495553833C}.Debug|iPhoneSimulator.Build.0 = Debug|Any CPU
		{22B96ACE-1CF5-4A1C-AA95-41495553833C}.Debug|x64.ActiveCfg = Debug|Any CPU
		{22B96ACE-1CF5-4A1C-AA95-41495553833C}.Debug|x64.Build.0 = Debug|Any CPU
		{22B96ACE-1CF5-4A1C-AA95-41495553833C}.Debug|x86.ActiveCfg = Debug|Any CPU
		{22B96ACE-1CF5-4A1C-AA95-41495553833C}.Debug|x86.Build.0 = Debug|Any CPU
		{22B96ACE-1CF5-4A1C-AA95-41495553833C}.Release|Any CPU.ActiveCfg = Release|Any CPU
		{22B96ACE-1CF5-4A1C-AA95-41495553833C}.Release|Any CPU.Build.0 = Release|Any CPU
		{22B96ACE-1CF5-4A1C-AA95-41495553833C}.Release|ARM.ActiveCfg = Release|Any CPU
		{22B96ACE-1CF5-4A1C-AA95-41495553833C}.Release|ARM.Build.0 = Release|Any CPU
		{22B96ACE-1CF5-4A1C-AA95-41495553833C}.Release|iPhone.ActiveCfg = Release|Any CPU
		{22B96ACE-1CF5-4A1C-AA95-41495553833C}.Release|iPhone.Build.0 = Release|Any CPU
		{22B96ACE-1CF5-4A1C-AA95-41495553833C}.Release|iPhoneSimulator.ActiveCfg = Release|Any CPU
		{22B96ACE-1CF5-4A1C-AA95-41495553833C}.Release|iPhoneSimulator.Build.0 = Release|Any CPU
		{22B96ACE-1CF5-4A1C-AA95-41495553833C}.Release|x64.ActiveCfg = Release|Any CPU
		{22B96ACE-1CF5-4A1C-AA95-41495553833C}.Release|x64.Build.0 = Release|Any CPU
		{22B96ACE-1CF5-4A1C-AA95-41495553833C}.Release|x86.ActiveCfg = Release|Any CPU
		{22B96ACE-1CF5-4A1C-AA95-41495553833C}.Release|x86.Build.0 = Release|Any CPU
		{7A358AAC-0D1E-4B82-9252-24BF3C9C3EAA}.Ad-Hoc|Any CPU.ActiveCfg = Release|Any CPU
		{7A358AAC-0D1E-4B82-9252-24BF3C9C3EAA}.Ad-Hoc|Any CPU.Build.0 = Release|Any CPU
		{7A358AAC-0D1E-4B82-9252-24BF3C9C3EAA}.Ad-Hoc|Any CPU.Deploy.0 = Release|Any CPU
		{7A358AAC-0D1E-4B82-9252-24BF3C9C3EAA}.Ad-Hoc|ARM.ActiveCfg = Release|Any CPU
		{7A358AAC-0D1E-4B82-9252-24BF3C9C3EAA}.Ad-Hoc|ARM.Build.0 = Release|Any CPU
		{7A358AAC-0D1E-4B82-9252-24BF3C9C3EAA}.Ad-Hoc|ARM.Deploy.0 = Release|Any CPU
		{7A358AAC-0D1E-4B82-9252-24BF3C9C3EAA}.Ad-Hoc|iPhone.ActiveCfg = Release|Any CPU
		{7A358AAC-0D1E-4B82-9252-24BF3C9C3EAA}.Ad-Hoc|iPhone.Build.0 = Release|Any CPU
		{7A358AAC-0D1E-4B82-9252-24BF3C9C3EAA}.Ad-Hoc|iPhone.Deploy.0 = Release|Any CPU
		{7A358AAC-0D1E-4B82-9252-24BF3C9C3EAA}.Ad-Hoc|iPhoneSimulator.ActiveCfg = Release|Any CPU
		{7A358AAC-0D1E-4B82-9252-24BF3C9C3EAA}.Ad-Hoc|iPhoneSimulator.Build.0 = Release|Any CPU
		{7A358AAC-0D1E-4B82-9252-24BF3C9C3EAA}.Ad-Hoc|iPhoneSimulator.Deploy.0 = Release|Any CPU
		{7A358AAC-0D1E-4B82-9252-24BF3C9C3EAA}.Ad-Hoc|x64.ActiveCfg = Release|Any CPU
		{7A358AAC-0D1E-4B82-9252-24BF3C9C3EAA}.Ad-Hoc|x64.Build.0 = Release|Any CPU
		{7A358AAC-0D1E-4B82-9252-24BF3C9C3EAA}.Ad-Hoc|x64.Deploy.0 = Release|Any CPU
		{7A358AAC-0D1E-4B82-9252-24BF3C9C3EAA}.Ad-Hoc|x86.ActiveCfg = Release|Any CPU
		{7A358AAC-0D1E-4B82-9252-24BF3C9C3EAA}.Ad-Hoc|x86.Build.0 = Release|Any CPU
		{7A358AAC-0D1E-4B82-9252-24BF3C9C3EAA}.Ad-Hoc|x86.Deploy.0 = Release|Any CPU
		{7A358AAC-0D1E-4B82-9252-24BF3C9C3EAA}.AppStore|Any CPU.ActiveCfg = Release|Any CPU
		{7A358AAC-0D1E-4B82-9252-24BF3C9C3EAA}.AppStore|Any CPU.Build.0 = Release|Any CPU
		{7A358AAC-0D1E-4B82-9252-24BF3C9C3EAA}.AppStore|Any CPU.Deploy.0 = Release|Any CPU
		{7A358AAC-0D1E-4B82-9252-24BF3C9C3EAA}.AppStore|ARM.ActiveCfg = Release|Any CPU
		{7A358AAC-0D1E-4B82-9252-24BF3C9C3EAA}.AppStore|ARM.Build.0 = Release|Any CPU
		{7A358AAC-0D1E-4B82-9252-24BF3C9C3EAA}.AppStore|ARM.Deploy.0 = Release|Any CPU
		{7A358AAC-0D1E-4B82-9252-24BF3C9C3EAA}.AppStore|iPhone.ActiveCfg = Release|Any CPU
		{7A358AAC-0D1E-4B82-9252-24BF3C9C3EAA}.AppStore|iPhone.Build.0 = Release|Any CPU
		{7A358AAC-0D1E-4B82-9252-24BF3C9C3EAA}.AppStore|iPhone.Deploy.0 = Release|Any CPU
		{7A358AAC-0D1E-4B82-9252-24BF3C9C3EAA}.AppStore|iPhoneSimulator.ActiveCfg = Release|Any CPU
		{7A358AAC-0D1E-4B82-9252-24BF3C9C3EAA}.AppStore|iPhoneSimulator.Build.0 = Release|Any CPU
		{7A358AAC-0D1E-4B82-9252-24BF3C9C3EAA}.AppStore|iPhoneSimulator.Deploy.0 = Release|Any CPU
		{7A358AAC-0D1E-4B82-9252-24BF3C9C3EAA}.AppStore|x64.ActiveCfg = Release|Any CPU
		{7A358AAC-0D1E-4B82-9252-24BF3C9C3EAA}.AppStore|x64.Build.0 = Release|Any CPU
		{7A358AAC-0D1E-4B82-9252-24BF3C9C3EAA}.AppStore|x64.Deploy.0 = Release|Any CPU
		{7A358AAC-0D1E-4B82-9252-24BF3C9C3EAA}.AppStore|x86.ActiveCfg = Release|Any CPU
		{7A358AAC-0D1E-4B82-9252-24BF3C9C3EAA}.AppStore|x86.Build.0 = Release|Any CPU
		{7A358AAC-0D1E-4B82-9252-24BF3C9C3EAA}.AppStore|x86.Deploy.0 = Release|Any CPU
		{7A358AAC-0D1E-4B82-9252-24BF3C9C3EAA}.Debug|Any CPU.ActiveCfg = Debug|Any CPU
		{7A358AAC-0D1E-4B82-9252-24BF3C9C3EAA}.Debug|Any CPU.Build.0 = Debug|Any CPU
		{7A358AAC-0D1E-4B82-9252-24BF3C9C3EAA}.Debug|Any CPU.Deploy.0 = Debug|Any CPU
		{7A358AAC-0D1E-4B82-9252-24BF3C9C3EAA}.Debug|ARM.ActiveCfg = Debug|Any CPU
		{7A358AAC-0D1E-4B82-9252-24BF3C9C3EAA}.Debug|ARM.Build.0 = Debug|Any CPU
		{7A358AAC-0D1E-4B82-9252-24BF3C9C3EAA}.Debug|ARM.Deploy.0 = Debug|Any CPU
		{7A358AAC-0D1E-4B82-9252-24BF3C9C3EAA}.Debug|iPhone.ActiveCfg = Debug|Any CPU
		{7A358AAC-0D1E-4B82-9252-24BF3C9C3EAA}.Debug|iPhone.Build.0 = Debug|Any CPU
		{7A358AAC-0D1E-4B82-9252-24BF3C9C3EAA}.Debug|iPhone.Deploy.0 = Debug|Any CPU
		{7A358AAC-0D1E-4B82-9252-24BF3C9C3EAA}.Debug|iPhoneSimulator.ActiveCfg = Debug|Any CPU
		{7A358AAC-0D1E-4B82-9252-24BF3C9C3EAA}.Debug|iPhoneSimulator.Build.0 = Debug|Any CPU
		{7A358AAC-0D1E-4B82-9252-24BF3C9C3EAA}.Debug|iPhoneSimulator.Deploy.0 = Debug|Any CPU
		{7A358AAC-0D1E-4B82-9252-24BF3C9C3EAA}.Debug|x64.ActiveCfg = Debug|Any CPU
		{7A358AAC-0D1E-4B82-9252-24BF3C9C3EAA}.Debug|x64.Build.0 = Debug|Any CPU
		{7A358AAC-0D1E-4B82-9252-24BF3C9C3EAA}.Debug|x64.Deploy.0 = Debug|Any CPU
		{7A358AAC-0D1E-4B82-9252-24BF3C9C3EAA}.Debug|x86.ActiveCfg = Debug|Any CPU
		{7A358AAC-0D1E-4B82-9252-24BF3C9C3EAA}.Debug|x86.Build.0 = Debug|Any CPU
		{7A358AAC-0D1E-4B82-9252-24BF3C9C3EAA}.Debug|x86.Deploy.0 = Debug|Any CPU
		{7A358AAC-0D1E-4B82-9252-24BF3C9C3EAA}.Release|Any CPU.ActiveCfg = Release|Any CPU
		{7A358AAC-0D1E-4B82-9252-24BF3C9C3EAA}.Release|Any CPU.Build.0 = Release|Any CPU
		{7A358AAC-0D1E-4B82-9252-24BF3C9C3EAA}.Release|Any CPU.Deploy.0 = Release|Any CPU
		{7A358AAC-0D1E-4B82-9252-24BF3C9C3EAA}.Release|ARM.ActiveCfg = Release|Any CPU
		{7A358AAC-0D1E-4B82-9252-24BF3C9C3EAA}.Release|ARM.Build.0 = Release|Any CPU
		{7A358AAC-0D1E-4B82-9252-24BF3C9C3EAA}.Release|ARM.Deploy.0 = Release|Any CPU
		{7A358AAC-0D1E-4B82-9252-24BF3C9C3EAA}.Release|iPhone.ActiveCfg = Release|Any CPU
		{7A358AAC-0D1E-4B82-9252-24BF3C9C3EAA}.Release|iPhone.Build.0 = Release|Any CPU
		{7A358AAC-0D1E-4B82-9252-24BF3C9C3EAA}.Release|iPhone.Deploy.0 = Release|Any CPU
		{7A358AAC-0D1E-4B82-9252-24BF3C9C3EAA}.Release|iPhoneSimulator.ActiveCfg = Release|Any CPU
		{7A358AAC-0D1E-4B82-9252-24BF3C9C3EAA}.Release|iPhoneSimulator.Build.0 = Release|Any CPU
		{7A358AAC-0D1E-4B82-9252-24BF3C9C3EAA}.Release|iPhoneSimulator.Deploy.0 = Release|Any CPU
		{7A358AAC-0D1E-4B82-9252-24BF3C9C3EAA}.Release|x64.ActiveCfg = Release|Any CPU
		{7A358AAC-0D1E-4B82-9252-24BF3C9C3EAA}.Release|x64.Build.0 = Release|Any CPU
		{7A358AAC-0D1E-4B82-9252-24BF3C9C3EAA}.Release|x64.Deploy.0 = Release|Any CPU
		{7A358AAC-0D1E-4B82-9252-24BF3C9C3EAA}.Release|x86.ActiveCfg = Release|Any CPU
		{7A358AAC-0D1E-4B82-9252-24BF3C9C3EAA}.Release|x86.Build.0 = Release|Any CPU
		{7A358AAC-0D1E-4B82-9252-24BF3C9C3EAA}.Release|x86.Deploy.0 = Release|Any CPU
		{15CE6A89-4D40-429E-842C-A226086F1F3B}.Ad-Hoc|Any CPU.ActiveCfg = Ad-Hoc|iPhone
		{15CE6A89-4D40-429E-842C-A226086F1F3B}.Ad-Hoc|ARM.ActiveCfg = Ad-Hoc|iPhone
		{15CE6A89-4D40-429E-842C-A226086F1F3B}.Ad-Hoc|iPhone.ActiveCfg = Ad-Hoc|iPhone
		{15CE6A89-4D40-429E-842C-A226086F1F3B}.Ad-Hoc|iPhone.Build.0 = Ad-Hoc|iPhone
		{15CE6A89-4D40-429E-842C-A226086F1F3B}.Ad-Hoc|iPhoneSimulator.ActiveCfg = Ad-Hoc|iPhoneSimulator
		{15CE6A89-4D40-429E-842C-A226086F1F3B}.Ad-Hoc|iPhoneSimulator.Build.0 = Ad-Hoc|iPhoneSimulator
		{15CE6A89-4D40-429E-842C-A226086F1F3B}.Ad-Hoc|x64.ActiveCfg = Ad-Hoc|iPhone
		{15CE6A89-4D40-429E-842C-A226086F1F3B}.Ad-Hoc|x86.ActiveCfg = Ad-Hoc|iPhone
		{15CE6A89-4D40-429E-842C-A226086F1F3B}.AppStore|Any CPU.ActiveCfg = AppStore|iPhone
		{15CE6A89-4D40-429E-842C-A226086F1F3B}.AppStore|ARM.ActiveCfg = AppStore|iPhone
		{15CE6A89-4D40-429E-842C-A226086F1F3B}.AppStore|iPhone.ActiveCfg = AppStore|iPhone
		{15CE6A89-4D40-429E-842C-A226086F1F3B}.AppStore|iPhone.Build.0 = AppStore|iPhone
		{15CE6A89-4D40-429E-842C-A226086F1F3B}.AppStore|iPhoneSimulator.ActiveCfg = AppStore|iPhoneSimulator
		{15CE6A89-4D40-429E-842C-A226086F1F3B}.AppStore|iPhoneSimulator.Build.0 = AppStore|iPhoneSimulator
		{15CE6A89-4D40-429E-842C-A226086F1F3B}.AppStore|x64.ActiveCfg = AppStore|iPhone
		{15CE6A89-4D40-429E-842C-A226086F1F3B}.AppStore|x86.ActiveCfg = AppStore|iPhone
		{15CE6A89-4D40-429E-842C-A226086F1F3B}.Debug|Any CPU.ActiveCfg = Debug|iPhone
		{15CE6A89-4D40-429E-842C-A226086F1F3B}.Debug|ARM.ActiveCfg = Debug|iPhone
		{15CE6A89-4D40-429E-842C-A226086F1F3B}.Debug|iPhone.ActiveCfg = Debug|iPhone
		{15CE6A89-4D40-429E-842C-A226086F1F3B}.Debug|iPhone.Build.0 = Debug|iPhone
		{15CE6A89-4D40-429E-842C-A226086F1F3B}.Debug|iPhoneSimulator.ActiveCfg = Debug|iPhoneSimulator
		{15CE6A89-4D40-429E-842C-A226086F1F3B}.Debug|iPhoneSimulator.Build.0 = Debug|iPhoneSimulator
		{15CE6A89-4D40-429E-842C-A226086F1F3B}.Debug|x64.ActiveCfg = Debug|iPhone
		{15CE6A89-4D40-429E-842C-A226086F1F3B}.Debug|x86.ActiveCfg = Debug|iPhone
		{15CE6A89-4D40-429E-842C-A226086F1F3B}.Release|Any CPU.ActiveCfg = Release|iPhone
		{15CE6A89-4D40-429E-842C-A226086F1F3B}.Release|ARM.ActiveCfg = Release|iPhone
		{15CE6A89-4D40-429E-842C-A226086F1F3B}.Release|iPhone.ActiveCfg = Release|iPhone
		{15CE6A89-4D40-429E-842C-A226086F1F3B}.Release|iPhone.Build.0 = Release|iPhone
		{15CE6A89-4D40-429E-842C-A226086F1F3B}.Release|iPhoneSimulator.ActiveCfg = Release|iPhoneSimulator
		{15CE6A89-4D40-429E-842C-A226086F1F3B}.Release|iPhoneSimulator.Build.0 = Release|iPhoneSimulator
		{15CE6A89-4D40-429E-842C-A226086F1F3B}.Release|x64.ActiveCfg = Release|iPhone
		{15CE6A89-4D40-429E-842C-A226086F1F3B}.Release|x86.ActiveCfg = Release|iPhone
		{1A2D5B5F-DE9A-460A-A9D5-66572EA6C3F6}.Ad-Hoc|Any CPU.ActiveCfg = Release|Any CPU
		{1A2D5B5F-DE9A-460A-A9D5-66572EA6C3F6}.Ad-Hoc|Any CPU.Build.0 = Release|Any CPU
		{1A2D5B5F-DE9A-460A-A9D5-66572EA6C3F6}.Ad-Hoc|Any CPU.Deploy.0 = Release|Any CPU
		{1A2D5B5F-DE9A-460A-A9D5-66572EA6C3F6}.Ad-Hoc|ARM.ActiveCfg = Release|ARM
		{1A2D5B5F-DE9A-460A-A9D5-66572EA6C3F6}.Ad-Hoc|ARM.Build.0 = Release|ARM
		{1A2D5B5F-DE9A-460A-A9D5-66572EA6C3F6}.Ad-Hoc|ARM.Deploy.0 = Release|ARM
		{1A2D5B5F-DE9A-460A-A9D5-66572EA6C3F6}.Ad-Hoc|iPhone.ActiveCfg = Release|Any CPU
		{1A2D5B5F-DE9A-460A-A9D5-66572EA6C3F6}.Ad-Hoc|iPhone.Build.0 = Release|Any CPU
		{1A2D5B5F-DE9A-460A-A9D5-66572EA6C3F6}.Ad-Hoc|iPhone.Deploy.0 = Release|Any CPU
		{1A2D5B5F-DE9A-460A-A9D5-66572EA6C3F6}.Ad-Hoc|iPhoneSimulator.ActiveCfg = Release|Any CPU
		{1A2D5B5F-DE9A-460A-A9D5-66572EA6C3F6}.Ad-Hoc|iPhoneSimulator.Build.0 = Release|Any CPU
		{1A2D5B5F-DE9A-460A-A9D5-66572EA6C3F6}.Ad-Hoc|iPhoneSimulator.Deploy.0 = Release|Any CPU
		{1A2D5B5F-DE9A-460A-A9D5-66572EA6C3F6}.Ad-Hoc|x64.ActiveCfg = Release|Any CPU
		{1A2D5B5F-DE9A-460A-A9D5-66572EA6C3F6}.Ad-Hoc|x64.Build.0 = Release|Any CPU
		{1A2D5B5F-DE9A-460A-A9D5-66572EA6C3F6}.Ad-Hoc|x64.Deploy.0 = Release|Any CPU
		{1A2D5B5F-DE9A-460A-A9D5-66572EA6C3F6}.Ad-Hoc|x86.ActiveCfg = Release|x86
		{1A2D5B5F-DE9A-460A-A9D5-66572EA6C3F6}.Ad-Hoc|x86.Build.0 = Release|x86
		{1A2D5B5F-DE9A-460A-A9D5-66572EA6C3F6}.Ad-Hoc|x86.Deploy.0 = Release|x86
		{1A2D5B5F-DE9A-460A-A9D5-66572EA6C3F6}.AppStore|Any CPU.ActiveCfg = Release|Any CPU
		{1A2D5B5F-DE9A-460A-A9D5-66572EA6C3F6}.AppStore|Any CPU.Build.0 = Release|Any CPU
		{1A2D5B5F-DE9A-460A-A9D5-66572EA6C3F6}.AppStore|Any CPU.Deploy.0 = Release|Any CPU
		{1A2D5B5F-DE9A-460A-A9D5-66572EA6C3F6}.AppStore|ARM.ActiveCfg = Release|ARM
		{1A2D5B5F-DE9A-460A-A9D5-66572EA6C3F6}.AppStore|ARM.Build.0 = Release|ARM
		{1A2D5B5F-DE9A-460A-A9D5-66572EA6C3F6}.AppStore|ARM.Deploy.0 = Release|ARM
		{1A2D5B5F-DE9A-460A-A9D5-66572EA6C3F6}.AppStore|iPhone.ActiveCfg = Release|Any CPU
		{1A2D5B5F-DE9A-460A-A9D5-66572EA6C3F6}.AppStore|iPhone.Build.0 = Release|Any CPU
		{1A2D5B5F-DE9A-460A-A9D5-66572EA6C3F6}.AppStore|iPhone.Deploy.0 = Release|Any CPU
		{1A2D5B5F-DE9A-460A-A9D5-66572EA6C3F6}.AppStore|iPhoneSimulator.ActiveCfg = Release|Any CPU
		{1A2D5B5F-DE9A-460A-A9D5-66572EA6C3F6}.AppStore|iPhoneSimulator.Build.0 = Release|Any CPU
		{1A2D5B5F-DE9A-460A-A9D5-66572EA6C3F6}.AppStore|iPhoneSimulator.Deploy.0 = Release|Any CPU
		{1A2D5B5F-DE9A-460A-A9D5-66572EA6C3F6}.AppStore|x64.ActiveCfg = Release|Any CPU
		{1A2D5B5F-DE9A-460A-A9D5-66572EA6C3F6}.AppStore|x64.Build.0 = Release|Any CPU
		{1A2D5B5F-DE9A-460A-A9D5-66572EA6C3F6}.AppStore|x64.Deploy.0 = Release|Any CPU
		{1A2D5B5F-DE9A-460A-A9D5-66572EA6C3F6}.AppStore|x86.ActiveCfg = Release|x86
		{1A2D5B5F-DE9A-460A-A9D5-66572EA6C3F6}.AppStore|x86.Build.0 = Release|x86
		{1A2D5B5F-DE9A-460A-A9D5-66572EA6C3F6}.AppStore|x86.Deploy.0 = Release|x86
		{1A2D5B5F-DE9A-460A-A9D5-66572EA6C3F6}.Debug|Any CPU.ActiveCfg = Debug|Any CPU
		{1A2D5B5F-DE9A-460A-A9D5-66572EA6C3F6}.Debug|Any CPU.Build.0 = Debug|Any CPU
		{1A2D5B5F-DE9A-460A-A9D5-66572EA6C3F6}.Debug|Any CPU.Deploy.0 = Debug|Any CPU
		{1A2D5B5F-DE9A-460A-A9D5-66572EA6C3F6}.Debug|ARM.ActiveCfg = Debug|ARM
		{1A2D5B5F-DE9A-460A-A9D5-66572EA6C3F6}.Debug|ARM.Build.0 = Debug|ARM
		{1A2D5B5F-DE9A-460A-A9D5-66572EA6C3F6}.Debug|ARM.Deploy.0 = Debug|ARM
		{1A2D5B5F-DE9A-460A-A9D5-66572EA6C3F6}.Debug|iPhone.ActiveCfg = Debug|Any CPU
		{1A2D5B5F-DE9A-460A-A9D5-66572EA6C3F6}.Debug|iPhone.Build.0 = Debug|Any CPU
		{1A2D5B5F-DE9A-460A-A9D5-66572EA6C3F6}.Debug|iPhone.Deploy.0 = Debug|Any CPU
		{1A2D5B5F-DE9A-460A-A9D5-66572EA6C3F6}.Debug|iPhoneSimulator.ActiveCfg = Debug|Any CPU
		{1A2D5B5F-DE9A-460A-A9D5-66572EA6C3F6}.Debug|iPhoneSimulator.Build.0 = Debug|Any CPU
		{1A2D5B5F-DE9A-460A-A9D5-66572EA6C3F6}.Debug|iPhoneSimulator.Deploy.0 = Debug|Any CPU
		{1A2D5B5F-DE9A-460A-A9D5-66572EA6C3F6}.Debug|x64.ActiveCfg = Debug|Any CPU
		{1A2D5B5F-DE9A-460A-A9D5-66572EA6C3F6}.Debug|x64.Build.0 = Debug|Any CPU
		{1A2D5B5F-DE9A-460A-A9D5-66572EA6C3F6}.Debug|x64.Deploy.0 = Debug|Any CPU
		{1A2D5B5F-DE9A-460A-A9D5-66572EA6C3F6}.Debug|x86.ActiveCfg = Debug|x86
		{1A2D5B5F-DE9A-460A-A9D5-66572EA6C3F6}.Debug|x86.Build.0 = Debug|x86
		{1A2D5B5F-DE9A-460A-A9D5-66572EA6C3F6}.Debug|x86.Deploy.0 = Debug|x86
		{1A2D5B5F-DE9A-460A-A9D5-66572EA6C3F6}.Release|Any CPU.ActiveCfg = Release|Any CPU
		{1A2D5B5F-DE9A-460A-A9D5-66572EA6C3F6}.Release|Any CPU.Build.0 = Release|Any CPU
		{1A2D5B5F-DE9A-460A-A9D5-66572EA6C3F6}.Release|Any CPU.Deploy.0 = Release|Any CPU
		{1A2D5B5F-DE9A-460A-A9D5-66572EA6C3F6}.Release|ARM.ActiveCfg = Release|ARM
		{1A2D5B5F-DE9A-460A-A9D5-66572EA6C3F6}.Release|ARM.Build.0 = Release|ARM
		{1A2D5B5F-DE9A-460A-A9D5-66572EA6C3F6}.Release|ARM.Deploy.0 = Release|ARM
		{1A2D5B5F-DE9A-460A-A9D5-66572EA6C3F6}.Release|iPhone.ActiveCfg = Release|Any CPU
		{1A2D5B5F-DE9A-460A-A9D5-66572EA6C3F6}.Release|iPhone.Build.0 = Release|Any CPU
		{1A2D5B5F-DE9A-460A-A9D5-66572EA6C3F6}.Release|iPhone.Deploy.0 = Release|Any CPU
		{1A2D5B5F-DE9A-460A-A9D5-66572EA6C3F6}.Release|iPhoneSimulator.ActiveCfg = Release|Any CPU
		{1A2D5B5F-DE9A-460A-A9D5-66572EA6C3F6}.Release|iPhoneSimulator.Build.0 = Release|Any CPU
		{1A2D5B5F-DE9A-460A-A9D5-66572EA6C3F6}.Release|iPhoneSimulator.Deploy.0 = Release|Any CPU
		{1A2D5B5F-DE9A-460A-A9D5-66572EA6C3F6}.Release|x64.ActiveCfg = Release|Any CPU
		{1A2D5B5F-DE9A-460A-A9D5-66572EA6C3F6}.Release|x64.Build.0 = Release|Any CPU
		{1A2D5B5F-DE9A-460A-A9D5-66572EA6C3F6}.Release|x64.Deploy.0 = Release|Any CPU
		{1A2D5B5F-DE9A-460A-A9D5-66572EA6C3F6}.Release|x86.ActiveCfg = Release|x86
		{1A2D5B5F-DE9A-460A-A9D5-66572EA6C3F6}.Release|x86.Build.0 = Release|x86
		{1A2D5B5F-DE9A-460A-A9D5-66572EA6C3F6}.Release|x86.Deploy.0 = Release|x86
		{3DA50427-6A64-47C4-B3AB-835D0B51691D}.Ad-Hoc|Any CPU.ActiveCfg = Release|x86
		{3DA50427-6A64-47C4-B3AB-835D0B51691D}.Ad-Hoc|Any CPU.Build.0 = Release|x86
		{3DA50427-6A64-47C4-B3AB-835D0B51691D}.Ad-Hoc|Any CPU.Deploy.0 = Release|x86
		{3DA50427-6A64-47C4-B3AB-835D0B51691D}.Ad-Hoc|ARM.ActiveCfg = Release|ARM
		{3DA50427-6A64-47C4-B3AB-835D0B51691D}.Ad-Hoc|ARM.Build.0 = Release|ARM
		{3DA50427-6A64-47C4-B3AB-835D0B51691D}.Ad-Hoc|ARM.Deploy.0 = Release|ARM
		{3DA50427-6A64-47C4-B3AB-835D0B51691D}.Ad-Hoc|iPhone.ActiveCfg = Release|x86
		{3DA50427-6A64-47C4-B3AB-835D0B51691D}.Ad-Hoc|iPhone.Build.0 = Release|x86
		{3DA50427-6A64-47C4-B3AB-835D0B51691D}.Ad-Hoc|iPhone.Deploy.0 = Release|x86
		{3DA50427-6A64-47C4-B3AB-835D0B51691D}.Ad-Hoc|iPhoneSimulator.ActiveCfg = Release|x86
		{3DA50427-6A64-47C4-B3AB-835D0B51691D}.Ad-Hoc|iPhoneSimulator.Build.0 = Release|x86
		{3DA50427-6A64-47C4-B3AB-835D0B51691D}.Ad-Hoc|iPhoneSimulator.Deploy.0 = Release|x86
		{3DA50427-6A64-47C4-B3AB-835D0B51691D}.Ad-Hoc|x64.ActiveCfg = Release|x64
		{3DA50427-6A64-47C4-B3AB-835D0B51691D}.Ad-Hoc|x64.Build.0 = Release|x64
		{3DA50427-6A64-47C4-B3AB-835D0B51691D}.Ad-Hoc|x64.Deploy.0 = Release|x64
		{3DA50427-6A64-47C4-B3AB-835D0B51691D}.Ad-Hoc|x86.ActiveCfg = Release|x86
		{3DA50427-6A64-47C4-B3AB-835D0B51691D}.Ad-Hoc|x86.Build.0 = Release|x86
		{3DA50427-6A64-47C4-B3AB-835D0B51691D}.Ad-Hoc|x86.Deploy.0 = Release|x86
		{3DA50427-6A64-47C4-B3AB-835D0B51691D}.AppStore|Any CPU.ActiveCfg = Release|x86
		{3DA50427-6A64-47C4-B3AB-835D0B51691D}.AppStore|Any CPU.Build.0 = Release|x86
		{3DA50427-6A64-47C4-B3AB-835D0B51691D}.AppStore|Any CPU.Deploy.0 = Release|x86
		{3DA50427-6A64-47C4-B3AB-835D0B51691D}.AppStore|ARM.ActiveCfg = Release|ARM
		{3DA50427-6A64-47C4-B3AB-835D0B51691D}.AppStore|ARM.Build.0 = Release|ARM
		{3DA50427-6A64-47C4-B3AB-835D0B51691D}.AppStore|ARM.Deploy.0 = Release|ARM
		{3DA50427-6A64-47C4-B3AB-835D0B51691D}.AppStore|iPhone.ActiveCfg = Release|x86
		{3DA50427-6A64-47C4-B3AB-835D0B51691D}.AppStore|iPhone.Build.0 = Release|x86
		{3DA50427-6A64-47C4-B3AB-835D0B51691D}.AppStore|iPhone.Deploy.0 = Release|x86
		{3DA50427-6A64-47C4-B3AB-835D0B51691D}.AppStore|iPhoneSimulator.ActiveCfg = Release|x86
		{3DA50427-6A64-47C4-B3AB-835D0B51691D}.AppStore|iPhoneSimulator.Build.0 = Release|x86
		{3DA50427-6A64-47C4-B3AB-835D0B51691D}.AppStore|iPhoneSimulator.Deploy.0 = Release|x86
		{3DA50427-6A64-47C4-B3AB-835D0B51691D}.AppStore|x64.ActiveCfg = Release|x64
		{3DA50427-6A64-47C4-B3AB-835D0B51691D}.AppStore|x64.Build.0 = Release|x64
		{3DA50427-6A64-47C4-B3AB-835D0B51691D}.AppStore|x64.Deploy.0 = Release|x64
		{3DA50427-6A64-47C4-B3AB-835D0B51691D}.AppStore|x86.ActiveCfg = Release|x86
		{3DA50427-6A64-47C4-B3AB-835D0B51691D}.AppStore|x86.Build.0 = Release|x86
		{3DA50427-6A64-47C4-B3AB-835D0B51691D}.AppStore|x86.Deploy.0 = Release|x86
		{3DA50427-6A64-47C4-B3AB-835D0B51691D}.Debug|Any CPU.ActiveCfg = Debug|x86
		{3DA50427-6A64-47C4-B3AB-835D0B51691D}.Debug|ARM.ActiveCfg = Debug|ARM
		{3DA50427-6A64-47C4-B3AB-835D0B51691D}.Debug|ARM.Build.0 = Debug|ARM
		{3DA50427-6A64-47C4-B3AB-835D0B51691D}.Debug|ARM.Deploy.0 = Debug|ARM
		{3DA50427-6A64-47C4-B3AB-835D0B51691D}.Debug|iPhone.ActiveCfg = Debug|x86
		{3DA50427-6A64-47C4-B3AB-835D0B51691D}.Debug|iPhoneSimulator.ActiveCfg = Debug|x86
		{3DA50427-6A64-47C4-B3AB-835D0B51691D}.Debug|x64.ActiveCfg = Debug|x64
		{3DA50427-6A64-47C4-B3AB-835D0B51691D}.Debug|x64.Build.0 = Debug|x64
		{3DA50427-6A64-47C4-B3AB-835D0B51691D}.Debug|x64.Deploy.0 = Debug|x64
		{3DA50427-6A64-47C4-B3AB-835D0B51691D}.Debug|x86.ActiveCfg = Debug|x86
		{3DA50427-6A64-47C4-B3AB-835D0B51691D}.Debug|x86.Build.0 = Debug|x86
		{3DA50427-6A64-47C4-B3AB-835D0B51691D}.Debug|x86.Deploy.0 = Debug|x86
		{3DA50427-6A64-47C4-B3AB-835D0B51691D}.Release|Any CPU.ActiveCfg = Release|x86
		{3DA50427-6A64-47C4-B3AB-835D0B51691D}.Release|ARM.ActiveCfg = Release|ARM
		{3DA50427-6A64-47C4-B3AB-835D0B51691D}.Release|ARM.Build.0 = Release|ARM
		{3DA50427-6A64-47C4-B3AB-835D0B51691D}.Release|ARM.Deploy.0 = Release|ARM
		{3DA50427-6A64-47C4-B3AB-835D0B51691D}.Release|iPhone.ActiveCfg = Release|x86
		{3DA50427-6A64-47C4-B3AB-835D0B51691D}.Release|iPhoneSimulator.ActiveCfg = Release|x86
		{3DA50427-6A64-47C4-B3AB-835D0B51691D}.Release|x64.ActiveCfg = Release|x64
		{3DA50427-6A64-47C4-B3AB-835D0B51691D}.Release|x64.Build.0 = Release|x64
		{3DA50427-6A64-47C4-B3AB-835D0B51691D}.Release|x64.Deploy.0 = Release|x64
		{3DA50427-6A64-47C4-B3AB-835D0B51691D}.Release|x86.ActiveCfg = Release|x86
		{3DA50427-6A64-47C4-B3AB-835D0B51691D}.Release|x86.Build.0 = Release|x86
		{3DA50427-6A64-47C4-B3AB-835D0B51691D}.Release|x86.Deploy.0 = Release|x86
		{6C7AEBCB-12A7-414F-9D25-6601241C2B93}.Ad-Hoc|Any CPU.ActiveCfg = Release|Any CPU
		{6C7AEBCB-12A7-414F-9D25-6601241C2B93}.Ad-Hoc|Any CPU.Build.0 = Release|Any CPU
		{6C7AEBCB-12A7-414F-9D25-6601241C2B93}.Ad-Hoc|Any CPU.Deploy.0 = Release|Any CPU
		{6C7AEBCB-12A7-414F-9D25-6601241C2B93}.Ad-Hoc|ARM.ActiveCfg = Release|ARM
		{6C7AEBCB-12A7-414F-9D25-6601241C2B93}.Ad-Hoc|ARM.Build.0 = Release|ARM
		{6C7AEBCB-12A7-414F-9D25-6601241C2B93}.Ad-Hoc|ARM.Deploy.0 = Release|ARM
		{6C7AEBCB-12A7-414F-9D25-6601241C2B93}.Ad-Hoc|iPhone.ActiveCfg = Release|Any CPU
		{6C7AEBCB-12A7-414F-9D25-6601241C2B93}.Ad-Hoc|iPhone.Build.0 = Release|Any CPU
		{6C7AEBCB-12A7-414F-9D25-6601241C2B93}.Ad-Hoc|iPhone.Deploy.0 = Release|Any CPU
		{6C7AEBCB-12A7-414F-9D25-6601241C2B93}.Ad-Hoc|iPhoneSimulator.ActiveCfg = Release|Any CPU
		{6C7AEBCB-12A7-414F-9D25-6601241C2B93}.Ad-Hoc|iPhoneSimulator.Build.0 = Release|Any CPU
		{6C7AEBCB-12A7-414F-9D25-6601241C2B93}.Ad-Hoc|iPhoneSimulator.Deploy.0 = Release|Any CPU
		{6C7AEBCB-12A7-414F-9D25-6601241C2B93}.Ad-Hoc|x64.ActiveCfg = Release|x64
		{6C7AEBCB-12A7-414F-9D25-6601241C2B93}.Ad-Hoc|x64.Build.0 = Release|x64
		{6C7AEBCB-12A7-414F-9D25-6601241C2B93}.Ad-Hoc|x64.Deploy.0 = Release|x64
		{6C7AEBCB-12A7-414F-9D25-6601241C2B93}.Ad-Hoc|x86.ActiveCfg = Release|x86
		{6C7AEBCB-12A7-414F-9D25-6601241C2B93}.Ad-Hoc|x86.Build.0 = Release|x86
		{6C7AEBCB-12A7-414F-9D25-6601241C2B93}.Ad-Hoc|x86.Deploy.0 = Release|x86
		{6C7AEBCB-12A7-414F-9D25-6601241C2B93}.AppStore|Any CPU.ActiveCfg = Release|Any CPU
		{6C7AEBCB-12A7-414F-9D25-6601241C2B93}.AppStore|Any CPU.Build.0 = Release|Any CPU
		{6C7AEBCB-12A7-414F-9D25-6601241C2B93}.AppStore|Any CPU.Deploy.0 = Release|Any CPU
		{6C7AEBCB-12A7-414F-9D25-6601241C2B93}.AppStore|ARM.ActiveCfg = Release|ARM
		{6C7AEBCB-12A7-414F-9D25-6601241C2B93}.AppStore|ARM.Build.0 = Release|ARM
		{6C7AEBCB-12A7-414F-9D25-6601241C2B93}.AppStore|ARM.Deploy.0 = Release|ARM
		{6C7AEBCB-12A7-414F-9D25-6601241C2B93}.AppStore|iPhone.ActiveCfg = Release|Any CPU
		{6C7AEBCB-12A7-414F-9D25-6601241C2B93}.AppStore|iPhone.Build.0 = Release|Any CPU
		{6C7AEBCB-12A7-414F-9D25-6601241C2B93}.AppStore|iPhone.Deploy.0 = Release|Any CPU
		{6C7AEBCB-12A7-414F-9D25-6601241C2B93}.AppStore|iPhoneSimulator.ActiveCfg = Release|Any CPU
		{6C7AEBCB-12A7-414F-9D25-6601241C2B93}.AppStore|iPhoneSimulator.Build.0 = Release|Any CPU
		{6C7AEBCB-12A7-414F-9D25-6601241C2B93}.AppStore|iPhoneSimulator.Deploy.0 = Release|Any CPU
		{6C7AEBCB-12A7-414F-9D25-6601241C2B93}.AppStore|x64.ActiveCfg = Release|x64
		{6C7AEBCB-12A7-414F-9D25-6601241C2B93}.AppStore|x64.Build.0 = Release|x64
		{6C7AEBCB-12A7-414F-9D25-6601241C2B93}.AppStore|x64.Deploy.0 = Release|x64
		{6C7AEBCB-12A7-414F-9D25-6601241C2B93}.AppStore|x86.ActiveCfg = Release|x86
		{6C7AEBCB-12A7-414F-9D25-6601241C2B93}.AppStore|x86.Build.0 = Release|x86
		{6C7AEBCB-12A7-414F-9D25-6601241C2B93}.AppStore|x86.Deploy.0 = Release|x86
		{6C7AEBCB-12A7-414F-9D25-6601241C2B93}.Debug|Any CPU.ActiveCfg = Debug|Any CPU
		{6C7AEBCB-12A7-414F-9D25-6601241C2B93}.Debug|Any CPU.Build.0 = Debug|Any CPU
		{6C7AEBCB-12A7-414F-9D25-6601241C2B93}.Debug|Any CPU.Deploy.0 = Debug|Any CPU
		{6C7AEBCB-12A7-414F-9D25-6601241C2B93}.Debug|ARM.ActiveCfg = Debug|ARM
		{6C7AEBCB-12A7-414F-9D25-6601241C2B93}.Debug|ARM.Build.0 = Debug|ARM
		{6C7AEBCB-12A7-414F-9D25-6601241C2B93}.Debug|ARM.Deploy.0 = Debug|ARM
		{6C7AEBCB-12A7-414F-9D25-6601241C2B93}.Debug|iPhone.ActiveCfg = Debug|Any CPU
		{6C7AEBCB-12A7-414F-9D25-6601241C2B93}.Debug|iPhone.Build.0 = Debug|Any CPU
		{6C7AEBCB-12A7-414F-9D25-6601241C2B93}.Debug|iPhone.Deploy.0 = Debug|Any CPU
		{6C7AEBCB-12A7-414F-9D25-6601241C2B93}.Debug|iPhoneSimulator.ActiveCfg = Debug|Any CPU
		{6C7AEBCB-12A7-414F-9D25-6601241C2B93}.Debug|iPhoneSimulator.Build.0 = Debug|Any CPU
		{6C7AEBCB-12A7-414F-9D25-6601241C2B93}.Debug|iPhoneSimulator.Deploy.0 = Debug|Any CPU
		{6C7AEBCB-12A7-414F-9D25-6601241C2B93}.Debug|x64.ActiveCfg = Debug|x64
		{6C7AEBCB-12A7-414F-9D25-6601241C2B93}.Debug|x64.Build.0 = Debug|x64
		{6C7AEBCB-12A7-414F-9D25-6601241C2B93}.Debug|x64.Deploy.0 = Debug|x64
		{6C7AEBCB-12A7-414F-9D25-6601241C2B93}.Debug|x86.ActiveCfg = Debug|x86
		{6C7AEBCB-12A7-414F-9D25-6601241C2B93}.Debug|x86.Build.0 = Debug|x86
		{6C7AEBCB-12A7-414F-9D25-6601241C2B93}.Debug|x86.Deploy.0 = Debug|x86
		{6C7AEBCB-12A7-414F-9D25-6601241C2B93}.Release|Any CPU.ActiveCfg = Release|Any CPU
		{6C7AEBCB-12A7-414F-9D25-6601241C2B93}.Release|Any CPU.Build.0 = Release|Any CPU
		{6C7AEBCB-12A7-414F-9D25-6601241C2B93}.Release|Any CPU.Deploy.0 = Release|Any CPU
		{6C7AEBCB-12A7-414F-9D25-6601241C2B93}.Release|ARM.ActiveCfg = Release|ARM
		{6C7AEBCB-12A7-414F-9D25-6601241C2B93}.Release|ARM.Build.0 = Release|ARM
		{6C7AEBCB-12A7-414F-9D25-6601241C2B93}.Release|ARM.Deploy.0 = Release|ARM
		{6C7AEBCB-12A7-414F-9D25-6601241C2B93}.Release|iPhone.ActiveCfg = Release|Any CPU
		{6C7AEBCB-12A7-414F-9D25-6601241C2B93}.Release|iPhone.Build.0 = Release|Any CPU
		{6C7AEBCB-12A7-414F-9D25-6601241C2B93}.Release|iPhone.Deploy.0 = Release|Any CPU
		{6C7AEBCB-12A7-414F-9D25-6601241C2B93}.Release|iPhoneSimulator.ActiveCfg = Release|Any CPU
		{6C7AEBCB-12A7-414F-9D25-6601241C2B93}.Release|iPhoneSimulator.Build.0 = Release|Any CPU
		{6C7AEBCB-12A7-414F-9D25-6601241C2B93}.Release|iPhoneSimulator.Deploy.0 = Release|Any CPU
		{6C7AEBCB-12A7-414F-9D25-6601241C2B93}.Release|x64.ActiveCfg = Release|x64
		{6C7AEBCB-12A7-414F-9D25-6601241C2B93}.Release|x64.Build.0 = Release|x64
		{6C7AEBCB-12A7-414F-9D25-6601241C2B93}.Release|x64.Deploy.0 = Release|x64
		{6C7AEBCB-12A7-414F-9D25-6601241C2B93}.Release|x86.ActiveCfg = Release|x86
		{6C7AEBCB-12A7-414F-9D25-6601241C2B93}.Release|x86.Build.0 = Release|x86
		{6C7AEBCB-12A7-414F-9D25-6601241C2B93}.Release|x86.Deploy.0 = Release|x86
	EndGlobalSection
	GlobalSection(SolutionProperties) = preSolution
		HideSolutionNode = FALSE
	EndGlobalSection
EndGlobal
